
Microsoft Visual Studio Solution File, Format Version 12.00
# Visual Studio Version 16
VisualStudioVersion = 16.0.34407.143
MinimumVisualStudioVersion = 10.0.40219.1
Project("{FAE04EC0-301F-11D3-BF4B-00C04F79EFBC}") = "add", "add\add.csproj", "{BC0C6402-25E4-450E-BB9B-4703490ACB44}"
EndProject
Global
	GlobalSection(SolutionConfigurationPlatforms) = preSolution
		Debug|Any CPU = Debug|Any CPU
		Release|Any CPU = Release|Any CPU
	EndGlobalSection
	GlobalSection(ProjectConfigurationPlatforms) = postSolution
		{BC0C6402-25E4-450E-BB9B-4703490ACB44}.Debug|Any CPU.ActiveCfg = Debug|Any CPU
		{BC0C6402-25E4-450E-BB9B-4703490ACB44}.Debug|Any CPU.Build.0 = Debug|Any CPU
		{BC0C6402-25E4-450E-BB9B-4703490ACB44}.Release|Any CPU.ActiveCfg = Release|Any CPU
		{BC0C6402-25E4-450E-BB9B-4703490ACB44}.Release|Any CPU.Build.0 = Release|Any CPU
	EndGlobalSection
	GlobalSection(SolutionProperties) = preSolution
		HideSolutionNode = FALSE
	EndGlobalSection
	GlobalSection(ExtensibilityGlobals) = postSolution
		SolutionGuid = {23223322-C9D9-460C-B8E3-8AF74997D75C}
	EndGlobalSection
EndGlobal
